// !$*UTF8*$!
{
	archiveVersion = 1;
	classes = {
	};
	objectVersion = 56;
	objects = {

/* Begin PBXBuildFile section */
		9843EE0A28F5BF330094DDBF /* User.swift in Sources */ = {isa = PBXBuildFile; fileRef = 9843EE0928F5BF330094DDBF /* User.swift */; };
		9854093428F1970E0019913E /* UserFilterViewModel.swift in Sources */ = {isa = PBXBuildFile; fileRef = 9854093328F1970E0019913E /* UserFilterViewModel.swift */; };
		98823B9C28FA9CB600848545 /* EditUserInfoView.swift in Sources */ = {isa = PBXBuildFile; fileRef = 98823B9B28FA9CB600848545 /* EditUserInfoView.swift */; };
		9883CACC28F9BECE00EADA13 /* KakaoSDK in Frameworks */ = {isa = PBXBuildFile; productRef = 9883CACB28F9BECE00EADA13 /* KakaoSDK */; };
		9883CACE28F9C26700EADA13 /* KakaoLoginView.swift in Sources */ = {isa = PBXBuildFile; fileRef = 9883CACD28F9C26700EADA13 /* KakaoLoginView.swift */; };
		9883CAD028F9C32100EADA13 /* KakaoApi.swift in Sources */ = {isa = PBXBuildFile; fileRef = 9883CACF28F9C32100EADA13 /* KakaoApi.swift */; };
		9886B71928F56643009EE714 /* FeedViewModel.swift in Sources */ = {isa = PBXBuildFile; fileRef = 9886B71828F56643009EE714 /* FeedViewModel.swift */; };
		98AAD0CD28F06D1900893DCB /* Universal_communityApp.swift in Sources */ = {isa = PBXBuildFile; fileRef = 98AAD0CC28F06D1900893DCB /* Universal_communityApp.swift */; };
		98AAD0CF28F06D1900893DCB /* ContentView.swift in Sources */ = {isa = PBXBuildFile; fileRef = 98AAD0CE28F06D1900893DCB /* ContentView.swift */; };
		98AAD0D128F06D1A00893DCB /* Assets.xcassets in Resources */ = {isa = PBXBuildFile; fileRef = 98AAD0D028F06D1A00893DCB /* Assets.xcassets */; };
		98AAD0D428F06D1A00893DCB /* Preview Assets.xcassets in Resources */ = {isa = PBXBuildFile; fileRef = 98AAD0D328F06D1A00893DCB /* Preview Assets.xcassets */; };
		98AAD0E428F070E400893DCB /* FeedView.swift in Sources */ = {isa = PBXBuildFile; fileRef = 98AAD0E328F070E400893DCB /* FeedView.swift */; };
		98AAD0E828F0732B00893DCB /* PostRowView.swift in Sources */ = {isa = PBXBuildFile; fileRef = 98AAD0E728F0732B00893DCB /* PostRowView.swift */; };
		98AE72B128F146B3009D4D60 /* MainTabView.swift in Sources */ = {isa = PBXBuildFile; fileRef = 98AE72B028F146B3009D4D60 /* MainTabView.swift */; };
		98AE72B628F14A99009D4D60 /* ExploreView.swift in Sources */ = {isa = PBXBuildFile; fileRef = 98AE72B528F14A99009D4D60 /* ExploreView.swift */; };
		98AE72B828F14ABB009D4D60 /* NotificationView.swift in Sources */ = {isa = PBXBuildFile; fileRef = 98AE72B728F14ABB009D4D60 /* NotificationView.swift */; };
		98AE72BE28F14B97009D4D60 /* ProfileView.swift in Sources */ = {isa = PBXBuildFile; fileRef = 98AE72BD28F14B97009D4D60 /* ProfileView.swift */; };
		98BF8F4A28F4652700D24EFD /* CreatePostView.swift in Sources */ = {isa = PBXBuildFile; fileRef = 98BF8F4928F4652700D24EFD /* CreatePostView.swift */; };
		98BF8F4E28F46FC200D24EFD /* TextArea.swift in Sources */ = {isa = PBXBuildFile; fileRef = 98BF8F4D28F46FC200D24EFD /* TextArea.swift */; };
		98BF8F5028F4875700D24EFD /* Post.swift in Sources */ = {isa = PBXBuildFile; fileRef = 98BF8F4F28F4875700D24EFD /* Post.swift */; };
		98BF8F5228F4883600D24EFD /* PostService.swift in Sources */ = {isa = PBXBuildFile; fileRef = 98BF8F5128F4883600D24EFD /* PostService.swift */; };
		98CCD0A328FAF4520055E426 /* UserService.swift in Sources */ = {isa = PBXBuildFile; fileRef = 98CCD0A228FAF4520055E426 /* UserService.swift */; };
/* End PBXBuildFile section */

/* Begin PBXFileReference section */
		9843EE0928F5BF330094DDBF /* User.swift */ = {isa = PBXFileReference; lastKnownFileType = sourcecode.swift; path = User.swift; sourceTree = "<group>"; };
		9854093328F1970E0019913E /* UserFilterViewModel.swift */ = {isa = PBXFileReference; lastKnownFileType = sourcecode.swift; path = UserFilterViewModel.swift; sourceTree = "<group>"; };
		98823B9B28FA9CB600848545 /* EditUserInfoView.swift */ = {isa = PBXFileReference; lastKnownFileType = sourcecode.swift; path = EditUserInfoView.swift; sourceTree = "<group>"; };
		9883CACD28F9C26700EADA13 /* KakaoLoginView.swift */ = {isa = PBXFileReference; lastKnownFileType = sourcecode.swift; path = KakaoLoginView.swift; sourceTree = "<group>"; };
		9883CACF28F9C32100EADA13 /* KakaoApi.swift */ = {isa = PBXFileReference; lastKnownFileType = sourcecode.swift; path = KakaoApi.swift; sourceTree = "<group>"; };
		9886B71828F56643009EE714 /* FeedViewModel.swift */ = {isa = PBXFileReference; lastKnownFileType = sourcecode.swift; path = FeedViewModel.swift; sourceTree = "<group>"; };
		98AAD0C928F06D1900893DCB /* Universal_community.app */ = {isa = PBXFileReference; explicitFileType = wrapper.application; includeInIndex = 0; path = Universal_community.app; sourceTree = BUILT_PRODUCTS_DIR; };
		98AAD0CC28F06D1900893DCB /* Universal_communityApp.swift */ = {isa = PBXFileReference; lastKnownFileType = sourcecode.swift; path = Universal_communityApp.swift; sourceTree = "<group>"; };
		98AAD0CE28F06D1900893DCB /* ContentView.swift */ = {isa = PBXFileReference; lastKnownFileType = sourcecode.swift; path = ContentView.swift; sourceTree = "<group>"; };
		98AAD0D028F06D1A00893DCB /* Assets.xcassets */ = {isa = PBXFileReference; lastKnownFileType = folder.assetcatalog; path = Assets.xcassets; sourceTree = "<group>"; };
		98AAD0D328F06D1A00893DCB /* Preview Assets.xcassets */ = {isa = PBXFileReference; lastKnownFileType = folder.assetcatalog; path = "Preview Assets.xcassets"; sourceTree = "<group>"; };
		98AAD0E328F070E400893DCB /* FeedView.swift */ = {isa = PBXFileReference; lastKnownFileType = sourcecode.swift; path = FeedView.swift; sourceTree = "<group>"; };
		98AAD0E728F0732B00893DCB /* PostRowView.swift */ = {isa = PBXFileReference; lastKnownFileType = sourcecode.swift; path = PostRowView.swift; sourceTree = "<group>"; };
		98AE72B028F146B3009D4D60 /* MainTabView.swift */ = {isa = PBXFileReference; lastKnownFileType = sourcecode.swift; path = MainTabView.swift; sourceTree = "<group>"; };
		98AE72B528F14A99009D4D60 /* ExploreView.swift */ = {isa = PBXFileReference; lastKnownFileType = sourcecode.swift; path = ExploreView.swift; sourceTree = "<group>"; };
		98AE72B728F14ABB009D4D60 /* NotificationView.swift */ = {isa = PBXFileReference; lastKnownFileType = sourcecode.swift; path = NotificationView.swift; sourceTree = "<group>"; };
		98AE72BD28F14B97009D4D60 /* ProfileView.swift */ = {isa = PBXFileReference; lastKnownFileType = sourcecode.swift; path = ProfileView.swift; sourceTree = "<group>"; };
		98BF8F4928F4652700D24EFD /* CreatePostView.swift */ = {isa = PBXFileReference; lastKnownFileType = sourcecode.swift; path = CreatePostView.swift; sourceTree = "<group>"; };
		98BF8F4D28F46FC200D24EFD /* TextArea.swift */ = {isa = PBXFileReference; lastKnownFileType = sourcecode.swift; path = TextArea.swift; sourceTree = "<group>"; };
		98BF8F4F28F4875700D24EFD /* Post.swift */ = {isa = PBXFileReference; lastKnownFileType = sourcecode.swift; path = Post.swift; sourceTree = "<group>"; };
		98BF8F5128F4883600D24EFD /* PostService.swift */ = {isa = PBXFileReference; lastKnownFileType = sourcecode.swift; path = PostService.swift; sourceTree = "<group>"; };
		98CCD0A228FAF4520055E426 /* UserService.swift */ = {isa = PBXFileReference; lastKnownFileType = sourcecode.swift; path = UserService.swift; sourceTree = "<group>"; };
/* End PBXFileReference section */

/* Begin PBXFrameworksBuildPhase section */
		98AAD0C628F06D1900893DCB /* Frameworks */ = {
			isa = PBXFrameworksBuildPhase;
			buildActionMask = 2147483647;
			files = (
				9883CACC28F9BECE00EADA13 /* KakaoSDK in Frameworks */,
			);
			runOnlyForDeploymentPostprocessing = 0;
		};
/* End PBXFrameworksBuildPhase section */

/* Begin PBXGroup section */
		9843EE0F28F5C4690094DDBF /* API */ = {
			isa = PBXGroup;
			children = (
				9883CACF28F9C32100EADA13 /* KakaoApi.swift */,
			);
			path = API;
			sourceTree = "<group>";
		};
		98AAD0C028F06D1900893DCB = {
			isa = PBXGroup;
			children = (
				98AAD0CB28F06D1900893DCB /* Universal_community */,
				98AAD0CA28F06D1900893DCB /* Products */,
			);
			sourceTree = "<group>";
		};
		98AAD0CA28F06D1900893DCB /* Products */ = {
			isa = PBXGroup;
			children = (
				98AAD0C928F06D1900893DCB /* Universal_community.app */,
			);
			name = Products;
			sourceTree = "<group>";
		};
		98AAD0CB28F06D1900893DCB /* Universal_community */ = {
			isa = PBXGroup;
			children = (
				9843EE0F28F5C4690094DDBF /* API */,
				98AE72B428F14A82009D4D60 /* Notifications */,
				98AE72B328F14A7C009D4D60 /* Profile */,
				98AE72B228F14A75009D4D60 /* Explore */,
				98AAD0DE28F06D5000893DCB /* Extensions */,
				98AAD0DD28F06D4D00893DCB /* Model */,
				98AAD0DB28F06D4300893DCB /* Service */,
				98AAD0DA28F06D4200893DCB /* Core */,
				98AAD0CC28F06D1900893DCB /* Universal_communityApp.swift */,
				98AAD0CE28F06D1900893DCB /* ContentView.swift */,
				98AAD0D028F06D1A00893DCB /* Assets.xcassets */,
				98AAD0D228F06D1A00893DCB /* Preview Content */,
			);
			path = Universal_community;
			sourceTree = "<group>";
		};
		98AAD0D228F06D1A00893DCB /* Preview Content */ = {
			isa = PBXGroup;
			children = (
				98AAD0D328F06D1A00893DCB /* Preview Assets.xcassets */,
			);
			path = "Preview Content";
			sourceTree = "<group>";
		};
		98AAD0DA28F06D4200893DCB /* Core */ = {
			isa = PBXGroup;
			children = (
				98AAD0DF28F06DDA00893DCB /* Components */,
				98AE72AF28F14690009D4D60 /* MainTab */,
				98AAD0E028F06DE800893DCB /* Feed */,
			);
			path = Core;
			sourceTree = "<group>";
		};
		98AAD0DB28F06D4300893DCB /* Service */ = {
			isa = PBXGroup;
			children = (
				98BF8F5128F4883600D24EFD /* PostService.swift */,
				98CCD0A228FAF4520055E426 /* UserService.swift */,
			);
			path = Service;
			sourceTree = "<group>";
		};
		98AAD0DD28F06D4D00893DCB /* Model */ = {
			isa = PBXGroup;
			children = (
				98BF8F4F28F4875700D24EFD /* Post.swift */,
				9843EE0928F5BF330094DDBF /* User.swift */,
			);
			path = Model;
			sourceTree = "<group>";
		};
		98AAD0DE28F06D5000893DCB /* Extensions */ = {
			isa = PBXGroup;
			children = (
			);
			path = Extensions;
			sourceTree = "<group>";
		};
		98AAD0DF28F06DDA00893DCB /* Components */ = {
			isa = PBXGroup;
			children = (
				98AAD0E628F0731600893DCB /* Posts */,
				98BF8F4928F4652700D24EFD /* CreatePostView.swift */,
				98BF8F4D28F46FC200D24EFD /* TextArea.swift */,
			);
			path = Components;
			sourceTree = "<group>";
		};
		98AAD0E028F06DE800893DCB /* Feed */ = {
			isa = PBXGroup;
			children = (
				98AAD0E228F0705000893DCB /* View */,
				98AAD0E128F0704B00893DCB /* ViewModels */,
			);
			path = Feed;
			sourceTree = "<group>";
		};
		98AAD0E128F0704B00893DCB /* ViewModels */ = {
			isa = PBXGroup;
			children = (
				9886B71828F56643009EE714 /* FeedViewModel.swift */,
			);
			path = ViewModels;
			sourceTree = "<group>";
		};
		98AAD0E228F0705000893DCB /* View */ = {
			isa = PBXGroup;
			children = (
				98AAD0E328F070E400893DCB /* FeedView.swift */,
			);
			path = View;
			sourceTree = "<group>";
		};
		98AAD0E628F0731600893DCB /* Posts */ = {
			isa = PBXGroup;
			children = (
				98AAD0E728F0732B00893DCB /* PostRowView.swift */,
			);
			path = Posts;
			sourceTree = "<group>";
		};
		98AE72AF28F14690009D4D60 /* MainTab */ = {
			isa = PBXGroup;
			children = (
				98AE72B028F146B3009D4D60 /* MainTabView.swift */,
			);
			path = MainTab;
			sourceTree = "<group>";
		};
		98AE72B228F14A75009D4D60 /* Explore */ = {
			isa = PBXGroup;
			children = (
				98AE72B528F14A99009D4D60 /* ExploreView.swift */,
			);
			path = Explore;
			sourceTree = "<group>";
		};
		98AE72B328F14A7C009D4D60 /* Profile */ = {
			isa = PBXGroup;
			children = (
				98AE72BC28F14B8A009D4D60 /* Views */,
				98AE72BB28F14B84009D4D60 /* ViewModel */,
			);
			path = Profile;
			sourceTree = "<group>";
		};
		98AE72B428F14A82009D4D60 /* Notifications */ = {
			isa = PBXGroup;
			children = (
				98AE72B728F14ABB009D4D60 /* NotificationView.swift */,
			);
			path = Notifications;
			sourceTree = "<group>";
		};
		98AE72BB28F14B84009D4D60 /* ViewModel */ = {
			isa = PBXGroup;
			children = (
				9854093328F1970E0019913E /* UserFilterViewModel.swift */,
			);
			path = ViewModel;
			sourceTree = "<group>";
		};
		98AE72BC28F14B8A009D4D60 /* Views */ = {
			isa = PBXGroup;
			children = (
				98AE72BD28F14B97009D4D60 /* ProfileView.swift */,
				9883CACD28F9C26700EADA13 /* KakaoLoginView.swift */,
				98823B9B28FA9CB600848545 /* EditUserInfoView.swift */,
			);
			path = Views;
			sourceTree = "<group>";
		};
/* End PBXGroup section */

/* Begin PBXNativeTarget section */
		98AAD0C828F06D1900893DCB /* Universal_community */ = {
			isa = PBXNativeTarget;
			buildConfigurationList = 98AAD0D728F06D1A00893DCB /* Build configuration list for PBXNativeTarget "Universal_community" */;
			buildPhases = (
				98AAD0C528F06D1900893DCB /* Sources */,
				98AAD0C628F06D1900893DCB /* Frameworks */,
				98AAD0C728F06D1900893DCB /* Resources */,
			);
			buildRules = (
			);
			dependencies = (
			);
			name = Universal_community;
			packageProductDependencies = (
				9883CACB28F9BECE00EADA13 /* KakaoSDK */,
			);
			productName = Universal_community;
			productReference = 98AAD0C928F06D1900893DCB /* Universal_community.app */;
			productType = "com.apple.product-type.application";
		};
/* End PBXNativeTarget section */

/* Begin PBXProject section */
		98AAD0C128F06D1900893DCB /* Project object */ = {
			isa = PBXProject;
			attributes = {
				BuildIndependentTargetsInParallel = 1;
				LastSwiftUpdateCheck = 1400;
				LastUpgradeCheck = 1400;
				TargetAttributes = {
					98AAD0C828F06D1900893DCB = {
						CreatedOnToolsVersion = 14.0.1;
					};
				};
			};
			buildConfigurationList = 98AAD0C428F06D1900893DCB /* Build configuration list for PBXProject "Universal_community" */;
			compatibilityVersion = "Xcode 14.0";
			developmentRegion = en;
			hasScannedForEncodings = 0;
			knownRegions = (
				en,
				Base,
			);
			mainGroup = 98AAD0C028F06D1900893DCB;
			packageReferences = (
				9843EE1228F5C90D0094DDBF /* XCRemoteSwiftPackageReference "GoogleSignIn-iOS" */,
				9883CACA28F9BECE00EADA13 /* XCRemoteSwiftPackageReference "kakao-ios-sdk" */,
			);
			productRefGroup = 98AAD0CA28F06D1900893DCB /* Products */;
			projectDirPath = "";
			projectRoot = "";
			targets = (
				98AAD0C828F06D1900893DCB /* Universal_community */,
			);
		};
/* End PBXProject section */

/* Begin PBXResourcesBuildPhase section */
		98AAD0C728F06D1900893DCB /* Resources */ = {
			isa = PBXResourcesBuildPhase;
			buildActionMask = 2147483647;
			files = (
				98AAD0D428F06D1A00893DCB /* Preview Assets.xcassets in Resources */,
				98AAD0D128F06D1A00893DCB /* Assets.xcassets in Resources */,
			);
			runOnlyForDeploymentPostprocessing = 0;
		};
/* End PBXResourcesBuildPhase section */

/* Begin PBXSourcesBuildPhase section */
		98AAD0C528F06D1900893DCB /* Sources */ = {
			isa = PBXSourcesBuildPhase;
			buildActionMask = 2147483647;
			files = (
				9886B71928F56643009EE714 /* FeedViewModel.swift in Sources */,
				98BF8F4A28F4652700D24EFD /* CreatePostView.swift in Sources */,
				9883CACE28F9C26700EADA13 /* KakaoLoginView.swift in Sources */,
				98AE72BE28F14B97009D4D60 /* ProfileView.swift in Sources */,
				98BF8F4E28F46FC200D24EFD /* TextArea.swift in Sources */,
				98BF8F5028F4875700D24EFD /* Post.swift in Sources */,
				9854093428F1970E0019913E /* UserFilterViewModel.swift in Sources */,
				98AAD0CF28F06D1900893DCB /* ContentView.swift in Sources */,
				98AAD0E828F0732B00893DCB /* PostRowView.swift in Sources */,
				9843EE0A28F5BF330094DDBF /* User.swift in Sources */,
				98AE72B828F14ABB009D4D60 /* NotificationView.swift in Sources */,
				98AAD0E428F070E400893DCB /* FeedView.swift in Sources */,
				98823B9C28FA9CB600848545 /* EditUserInfoView.swift in Sources */,
				98CCD0A328FAF4520055E426 /* UserService.swift in Sources */,
				98AAD0CD28F06D1900893DCB /* Universal_communityApp.swift in Sources */,
				98BF8F5228F4883600D24EFD /* PostService.swift in Sources */,
				98AE72B628F14A99009D4D60 /* ExploreView.swift in Sources */,
				9883CAD028F9C32100EADA13 /* KakaoApi.swift in Sources */,
				98AE72B128F146B3009D4D60 /* MainTabView.swift in Sources */,
			);
			runOnlyForDeploymentPostprocessing = 0;
		};
/* End PBXSourcesBuildPhase section */

/* Begin XCBuildConfiguration section */
		98AAD0D528F06D1A00893DCB /* Debug */ = {
			isa = XCBuildConfiguration;
			buildSettings = {
				ALWAYS_SEARCH_USER_PATHS = NO;
				CLANG_ANALYZER_NONNULL = YES;
				CLANG_ANALYZER_NUMBER_OBJECT_CONVERSION = YES_AGGRESSIVE;
				CLANG_CXX_LANGUAGE_STANDARD = "gnu++20";
				CLANG_ENABLE_MODULES = YES;
				CLANG_ENABLE_OBJC_ARC = YES;
				CLANG_ENABLE_OBJC_WEAK = YES;
				CLANG_WARN_BLOCK_CAPTURE_AUTORELEASING = YES;
				CLANG_WARN_BOOL_CONVERSION = YES;
				CLANG_WARN_COMMA = YES;
				CLANG_WARN_CONSTANT_CONVERSION = YES;
				CLANG_WARN_DEPRECATED_OBJC_IMPLEMENTATIONS = YES;
				CLANG_WARN_DIRECT_OBJC_ISA_USAGE = YES_ERROR;
				CLANG_WARN_DOCUMENTATION_COMMENTS = YES;
				CLANG_WARN_EMPTY_BODY = YES;
				CLANG_WARN_ENUM_CONVERSION = YES;
				CLANG_WARN_INFINITE_RECURSION = YES;
				CLANG_WARN_INT_CONVERSION = YES;
				CLANG_WARN_NON_LITERAL_NULL_CONVERSION = YES;
				CLANG_WARN_OBJC_IMPLICIT_RETAIN_SELF = YES;
				CLANG_WARN_OBJC_LITERAL_CONVERSION = YES;
				CLANG_WARN_OBJC_ROOT_CLASS = YES_ERROR;
				CLANG_WARN_QUOTED_INCLUDE_IN_FRAMEWORK_HEADER = YES;
				CLANG_WARN_RANGE_LOOP_ANALYSIS = YES;
				CLANG_WARN_STRICT_PROTOTYPES = YES;
				CLANG_WARN_SUSPICIOUS_MOVE = YES;
				CLANG_WARN_UNGUARDED_AVAILABILITY = YES_AGGRESSIVE;
				CLANG_WARN_UNREACHABLE_CODE = YES;
				CLANG_WARN__DUPLICATE_METHOD_MATCH = YES;
				COPY_PHASE_STRIP = NO;
				DEBUG_INFORMATION_FORMAT = dwarf;
				ENABLE_STRICT_OBJC_MSGSEND = YES;
				ENABLE_TESTABILITY = YES;
				GCC_C_LANGUAGE_STANDARD = gnu11;
				GCC_DYNAMIC_NO_PIC = NO;
				GCC_NO_COMMON_BLOCKS = YES;
				GCC_OPTIMIZATION_LEVEL = 0;
				GCC_PREPROCESSOR_DEFINITIONS = (
					"DEBUG=1",
					"$(inherited)",
				);
				GCC_WARN_64_TO_32_BIT_CONVERSION = YES;
				GCC_WARN_ABOUT_RETURN_TYPE = YES_ERROR;
				GCC_WARN_UNDECLARED_SELECTOR = YES;
				GCC_WARN_UNINITIALIZED_AUTOS = YES_AGGRESSIVE;
				GCC_WARN_UNUSED_FUNCTION = YES;
				GCC_WARN_UNUSED_VARIABLE = YES;
				IPHONEOS_DEPLOYMENT_TARGET = 16.0;
				MTL_ENABLE_DEBUG_INFO = INCLUDE_SOURCE;
				MTL_FAST_MATH = YES;
				ONLY_ACTIVE_ARCH = YES;
				SDKROOT = iphoneos;
				SWIFT_ACTIVE_COMPILATION_CONDITIONS = DEBUG;
				SWIFT_OPTIMIZATION_LEVEL = "-Onone";
			};
			name = Debug;
		};
		98AAD0D628F06D1A00893DCB /* Release */ = {
			isa = XCBuildConfiguration;
			buildSettings = {
				ALWAYS_SEARCH_USER_PATHS = NO;
				CLANG_ANALYZER_NONNULL = YES;
				CLANG_ANALYZER_NUMBER_OBJECT_CONVERSION = YES_AGGRESSIVE;
				CLANG_CXX_LANGUAGE_STANDARD = "gnu++20";
				CLANG_ENABLE_MODULES = YES;
				CLANG_ENABLE_OBJC_ARC = YES;
				CLANG_ENABLE_OBJC_WEAK = YES;
				CLANG_WARN_BLOCK_CAPTURE_AUTORELEASING = YES;
				CLANG_WARN_BOOL_CONVERSION = YES;
				CLANG_WARN_COMMA = YES;
				CLANG_WARN_CONSTANT_CONVERSION = YES;
				CLANG_WARN_DEPRECATED_OBJC_IMPLEMENTATIONS = YES;
				CLANG_WARN_DIRECT_OBJC_ISA_USAGE = YES_ERROR;
				CLANG_WARN_DOCUMENTATION_COMMENTS = YES;
				CLANG_WARN_EMPTY_BODY = YES;
				CLANG_WARN_ENUM_CONVERSION = YES;
				CLANG_WARN_INFINITE_RECURSION = YES;
				CLANG_WARN_INT_CONVERSION = YES;
				CLANG_WARN_NON_LITERAL_NULL_CONVERSION = YES;
				CLANG_WARN_OBJC_IMPLICIT_RETAIN_SELF = YES;
				CLANG_WARN_OBJC_LITERAL_CONVERSION = YES;
				CLANG_WARN_OBJC_ROOT_CLASS = YES_ERROR;
				CLANG_WARN_QUOTED_INCLUDE_IN_FRAMEWORK_HEADER = YES;
				CLANG_WARN_RANGE_LOOP_ANALYSIS = YES;
				CLANG_WARN_STRICT_PROTOTYPES = YES;
				CLANG_WARN_SUSPICIOUS_MOVE = YES;
				CLANG_WARN_UNGUARDED_AVAILABILITY = YES_AGGRESSIVE;
				CLANG_WARN_UNREACHABLE_CODE = YES;
				CLANG_WARN__DUPLICATE_METHOD_MATCH = YES;
				COPY_PHASE_STRIP = NO;
				DEBUG_INFORMATION_FORMAT = "dwarf-with-dsym";
				ENABLE_NS_ASSERTIONS = NO;
				ENABLE_STRICT_OBJC_MSGSEND = YES;
				GCC_C_LANGUAGE_STANDARD = gnu11;
				GCC_NO_COMMON_BLOCKS = YES;
				GCC_WARN_64_TO_32_BIT_CONVERSION = YES;
				GCC_WARN_ABOUT_RETURN_TYPE = YES_ERROR;
				GCC_WARN_UNDECLARED_SELECTOR = YES;
				GCC_WARN_UNINITIALIZED_AUTOS = YES_AGGRESSIVE;
				GCC_WARN_UNUSED_FUNCTION = YES;
				GCC_WARN_UNUSED_VARIABLE = YES;
				IPHONEOS_DEPLOYMENT_TARGET = 16.0;
				MTL_ENABLE_DEBUG_INFO = NO;
				MTL_FAST_MATH = YES;
				SDKROOT = iphoneos;
				SWIFT_COMPILATION_MODE = wholemodule;
				SWIFT_OPTIMIZATION_LEVEL = "-O";
				VALIDATE_PRODUCT = YES;
			};
			name = Release;
		};
		98AAD0D828F06D1A00893DCB /* Debug */ = {
			isa = XCBuildConfiguration;
			buildSettings = {
				ASSETCATALOG_COMPILER_APPICON_NAME = AppIcon;
				ASSETCATALOG_COMPILER_GLOBAL_ACCENT_COLOR_NAME = AccentColor;
				CODE_SIGN_STYLE = Automatic;
				CURRENT_PROJECT_VERSION = 1;
				DEVELOPMENT_ASSET_PATHS = "\"Universal_community/Preview Content\"";
				DEVELOPMENT_TEAM = YJFU6BQ7BW;
				ENABLE_PREVIEWS = YES;
				GENERATE_INFOPLIST_FILE = YES;
				INFOPLIST_FILE = "Universal-community-Info.plist";
				INFOPLIST_KEY_UIApplicationSceneManifest_Generation = YES;
				INFOPLIST_KEY_UIApplicationSupportsIndirectInputEvents = YES;
				INFOPLIST_KEY_UILaunchScreen_Generation = YES;
				INFOPLIST_KEY_UISupportedInterfaceOrientations_iPad = "UIInterfaceOrientationPortrait UIInterfaceOrientationPortraitUpsideDown UIInterfaceOrientationLandscapeLeft UIInterfaceOrientationLandscapeRight";
				INFOPLIST_KEY_UISupportedInterfaceOrientations_iPhone = "UIInterfaceOrientationPortrait UIInterfaceOrientationLandscapeLeft UIInterfaceOrientationLandscapeRight";
				LD_RUNPATH_SEARCH_PATHS = (
					"$(inherited)",
					"@executable_path/Frameworks",
				);
				MARKETING_VERSION = 1.0;
				PRODUCT_BUNDLE_IDENTIFIER = "com.ldk.Universal-community";
				PRODUCT_NAME = "$(TARGET_NAME)";
				SUPPORTED_PLATFORMS = "iphoneos iphonesimulator";
				SUPPORTS_MACCATALYST = NO;
				SUPPORTS_MAC_DESIGNED_FOR_IPHONE_IPAD = NO;
				SWIFT_EMIT_LOC_STRINGS = YES;
				SWIFT_VERSION = 5.0;
				TARGETED_DEVICE_FAMILY = 1;
			};
			name = Debug;
		};
		98AAD0D928F06D1A00893DCB /* Release */ = {
			isa = XCBuildConfiguration;
			buildSettings = {
				ASSETCATALOG_COMPILER_APPICON_NAME = AppIcon;
				ASSETCATALOG_COMPILER_GLOBAL_ACCENT_COLOR_NAME = AccentColor;
				CODE_SIGN_STYLE = Automatic;
				CURRENT_PROJECT_VERSION = 1;
				DEVELOPMENT_ASSET_PATHS = "\"Universal_community/Preview Content\"";
				DEVELOPMENT_TEAM = YJFU6BQ7BW;
				ENABLE_PREVIEWS = YES;
				GENERATE_INFOPLIST_FILE = YES;
				INFOPLIST_FILE = "Universal-community-Info.plist";
				INFOPLIST_KEY_UIApplicationSceneManifest_Generation = YES;
				INFOPLIST_KEY_UIApplicationSupportsIndirectInputEvents = YES;
				INFOPLIST_KEY_UILaunchScreen_Generation = YES;
				INFOPLIST_KEY_UISupportedInterfaceOrientations_iPad = "UIInterfaceOrientationPortrait UIInterfaceOrientationPortraitUpsideDown UIInterfaceOrientationLandscapeLeft UIInterfaceOrientationLandscapeRight";
				INFOPLIST_KEY_UISupportedInterfaceOrientations_iPhone = "UIInterfaceOrientationPortrait UIInterfaceOrientationLandscapeLeft UIInterfaceOrientationLandscapeRight";
				LD_RUNPATH_SEARCH_PATHS = (
					"$(inherited)",
					"@executable_path/Frameworks",
				);
				MARKETING_VERSION = 1.0;
				PRODUCT_BUNDLE_IDENTIFIER = "com.ldk.Universal-community";
				PRODUCT_NAME = "$(TARGET_NAME)";
				SUPPORTED_PLATFORMS = "iphoneos iphonesimulator";
				SUPPORTS_MACCATALYST = NO;
				SUPPORTS_MAC_DESIGNED_FOR_IPHONE_IPAD = NO;
				SWIFT_EMIT_LOC_STRINGS = YES;
				SWIFT_VERSION = 5.0;
				TARGETED_DEVICE_FAMILY = 1;
			};
			name = Release;
		};
/* End XCBuildConfiguration section */

/* Begin XCConfigurationList section */
		98AAD0C428F06D1900893DCB /* Build configuration list for PBXProject "Universal_community" */ = {
			isa = XCConfigurationList;
			buildConfigurations = (
				98AAD0D528F06D1A00893DCB /* Debug */,
				98AAD0D628F06D1A00893DCB /* Release */,
			);
			defaultConfigurationIsVisible = 0;
			defaultConfigurationName = Release;
		};
		98AAD0D728F06D1A00893DCB /* Build configuration list for PBXNativeTarget "Universal_community" */ = {
			isa = XCConfigurationList;
			buildConfigurations = (
				98AAD0D828F06D1A00893DCB /* Debug */,
				98AAD0D928F06D1A00893DCB /* Release */,
			);
			defaultConfigurationIsVisible = 0;
			defaultConfigurationName = Release;
		};
/* End XCConfigurationList section */

/* Begin XCRemoteSwiftPackageReference section */
		9843EE1228F5C90D0094DDBF /* XCRemoteSwiftPackageReference "GoogleSignIn-iOS" */ = {
			isa = XCRemoteSwiftPackageReference;
			repositoryURL = "https://github.com/google/GoogleSignIn-iOS";
			requirement = {
				kind = upToNextMajorVersion;
				minimumVersion = 6.0.0;
			};
		};
		9883CACA28F9BECE00EADA13 /* XCRemoteSwiftPackageReference "kakao-ios-sdk" */ = {
			isa = XCRemoteSwiftPackageReference;
			repositoryURL = "https://github.com/kakao/kakao-ios-sdk";
			requirement = {
				kind = upToNextMajorVersion;
				minimumVersion = 2.0.0;
			};
		};
/* End XCRemoteSwiftPackageReference section */

/* Begin XCSwiftPackageProductDependency section */
		9883CACB28F9BECE00EADA13 /* KakaoSDK */ = {
			isa = XCSwiftPackageProductDependency;
			package = 9883CACA28F9BECE00EADA13 /* XCRemoteSwiftPackageReference "kakao-ios-sdk" */;
			productName = KakaoSDK;
		};
/* End XCSwiftPackageProductDependency section */
	};
	rootObject = 98AAD0C128F06D1900893DCB /* Project object */;
}
